
Microsoft Visual Studio Solution File, Format Version 12.00
# Visual Studio 15
VisualStudioVersion = 15.0.28010.2003
MinimumVisualStudioVersion = 10.0.40219.1
Project("{FAE04EC0-301F-11D3-BF4B-00C04F79EFBC}") = "CibDigiTechWebApp", "CibDigiTechWebApp\CibDigiTechWebApp.csproj", "{FF6D5E27-2C40-4B1B-8DE7-85A6BB52869E}"
EndProject
Global
	GlobalSection(SolutionConfigurationPlatforms) = preSolution
		Debug|Any CPU = Debug|Any CPU
		Release|Any CPU = Release|Any CPU
	EndGlobalSection
	GlobalSection(ProjectConfigurationPlatforms) = postSolution
		{FF6D5E27-2C40-4B1B-8DE7-85A6BB52869E}.Debug|Any CPU.ActiveCfg = Debug|Any CPU
		{FF6D5E27-2C40-4B1B-8DE7-85A6BB52869E}.Debug|Any CPU.Build.0 = Debug|Any CPU
		{FF6D5E27-2C40-4B1B-8DE7-85A6BB52869E}.Release|Any CPU.ActiveCfg = Release|Any CPU
		{FF6D5E27-2C40-4B1B-8DE7-85A6BB52869E}.Release|Any CPU.Build.0 = Release|Any CPU
	EndGlobalSection
	GlobalSection(SolutionProperties) = preSolution
		HideSolutionNode = FALSE
	EndGlobalSection
	GlobalSection(ExtensibilityGlobals) = postSolution
		SolutionGuid = {BBCEE6A5-1917-420D-B5E5-DA50A353A17C}
	EndGlobalSection
EndGlobal
